// !$*UTF8*$!
{
	archiveVersion = 1;
	classes = {
	};
	objectVersion = 51;
	objects = {

/* Begin PBXBuildFile section */
		0F830F53BCCBE97875633885 /* Pods_S_G_Wickramaratne_COBSCCOMP18P_014UITests.framework in Frameworks */ = {isa = PBXBuildFile; fileRef = 9B3E5F175F3CE613D2F6DF3B /* Pods_S_G_Wickramaratne_COBSCCOMP18P_014UITests.framework */; };
		1BECC0D69DCC8B99ADCED816 /* Pods_S_G_Wickramaratne_COBSCCOMP18P_014Tests.framework in Frameworks */ = {isa = PBXBuildFile; fileRef = 3FEEA308EC7B015CDDC79C90 /* Pods_S_G_Wickramaratne_COBSCCOMP18P_014Tests.framework */; };
		AC109AD02385880A0033E5FE /* utils.swift in Sources */ = {isa = PBXBuildFile; fileRef = AC109ACF2385880A0033E5FE /* utils.swift */; };
		AC89E22B237D8EF0004C0AFD /* AppDelegate.swift in Sources */ = {isa = PBXBuildFile; fileRef = AC89E22A237D8EF0004C0AFD /* AppDelegate.swift */; };
		AC89E22D237D8EF0004C0AFD /* ViewController.swift in Sources */ = {isa = PBXBuildFile; fileRef = AC89E22C237D8EF0004C0AFD /* ViewController.swift */; };
		AC89E230237D8EF0004C0AFD /* Main.storyboard in Resources */ = {isa = PBXBuildFile; fileRef = AC89E22E237D8EF0004C0AFD /* Main.storyboard */; };
		AC89E232237D8EF2004C0AFD /* Assets.xcassets in Resources */ = {isa = PBXBuildFile; fileRef = AC89E231237D8EF2004C0AFD /* Assets.xcassets */; };
		AC89E235237D8EF2004C0AFD /* LaunchScreen.storyboard in Resources */ = {isa = PBXBuildFile; fileRef = AC89E233237D8EF2004C0AFD /* LaunchScreen.storyboard */; };
		AC89E240237D8EF2004C0AFD /* S_G_Wickramaratne_COBSCCOMP18P_014Tests.swift in Sources */ = {isa = PBXBuildFile; fileRef = AC89E23F237D8EF2004C0AFD /* S_G_Wickramaratne_COBSCCOMP18P_014Tests.swift */; };
		AC89E24B237D8EF2004C0AFD /* S_G_Wickramaratne_COBSCCOMP18P_014UITests.swift in Sources */ = {isa = PBXBuildFile; fileRef = AC89E24A237D8EF2004C0AFD /* S_G_Wickramaratne_COBSCCOMP18P_014UITests.swift */; };
		ACCE1841238433CB0091A2E4 /* SignUpViewController.swift in Sources */ = {isa = PBXBuildFile; fileRef = ACCE1840238433CB0091A2E4 /* SignUpViewController.swift */; };
		ACCE1843238434140091A2E4 /* SignInViewController.swift in Sources */ = {isa = PBXBuildFile; fileRef = ACCE1842238434140091A2E4 /* SignInViewController.swift */; };
		ACCE1845238434730091A2E4 /* HomeViewController.swift in Sources */ = {isa = PBXBuildFile; fileRef = ACCE1844238434730091A2E4 /* HomeViewController.swift */; };
		D75F7DB56F68F86E95591E1C /* Pods_S_G_Wickramaratne_COBSCCOMP18P_014.framework in Frameworks */ = {isa = PBXBuildFile; fileRef = B34F4FB5F0AA2E0A34299209 /* Pods_S_G_Wickramaratne_COBSCCOMP18P_014.framework */; };
/* End PBXBuildFile section */

/* Begin PBXContainerItemProxy section */
		AC89E23C237D8EF2004C0AFD /* PBXContainerItemProxy */ = {
			isa = PBXContainerItemProxy;
			containerPortal = AC89E21F237D8EF0004C0AFD /* Project object */;
			proxyType = 1;
			remoteGlobalIDString = AC89E226237D8EF0004C0AFD;
			remoteInfo = "S.G.Wickramaratne-COBSCCOMP18P-014";
		};
		AC89E247237D8EF2004C0AFD /* PBXContainerItemProxy */ = {
			isa = PBXContainerItemProxy;
			containerPortal = AC89E21F237D8EF0004C0AFD /* Project object */;
			proxyType = 1;
			remoteGlobalIDString = AC89E226237D8EF0004C0AFD;
			remoteInfo = "S.G.Wickramaratne-COBSCCOMP18P-014";
		};
/* End PBXContainerItemProxy section */

/* Begin PBXFileReference section */
		1B63B2A5FC0EC94044357861 /* Pods-S.G.Wickramaratne-COBSCCOMP18P-014Tests.debug.xcconfig */ = {isa = PBXFileReference; includeInIndex = 1; lastKnownFileType = text.xcconfig; name = "Pods-S.G.Wickramaratne-COBSCCOMP18P-014Tests.debug.xcconfig"; path = "Target Support Files/Pods-S.G.Wickramaratne-COBSCCOMP18P-014Tests/Pods-S.G.Wickramaratne-COBSCCOMP18P-014Tests.debug.xcconfig"; sourceTree = "<group>"; };
		233D34F9E2979059B53BE86F /* Pods-S.G.Wickramaratne-COBSCCOMP18P-014UITests.debug.xcconfig */ = {isa = PBXFileReference; includeInIndex = 1; lastKnownFileType = text.xcconfig; name = "Pods-S.G.Wickramaratne-COBSCCOMP18P-014UITests.debug.xcconfig"; path = "Target Support Files/Pods-S.G.Wickramaratne-COBSCCOMP18P-014UITests/Pods-S.G.Wickramaratne-COBSCCOMP18P-014UITests.debug.xcconfig"; sourceTree = "<group>"; };
		3A1957CC4D92DB63E3E5744D /* Pods-S.G.Wickramaratne-COBSCCOMP18P-014Tests.release.xcconfig */ = {isa = PBXFileReference; includeInIndex = 1; lastKnownFileType = text.xcconfig; name = "Pods-S.G.Wickramaratne-COBSCCOMP18P-014Tests.release.xcconfig"; path = "Target Support Files/Pods-S.G.Wickramaratne-COBSCCOMP18P-014Tests/Pods-S.G.Wickramaratne-COBSCCOMP18P-014Tests.release.xcconfig"; sourceTree = "<group>"; };
		3FEEA308EC7B015CDDC79C90 /* Pods_S_G_Wickramaratne_COBSCCOMP18P_014Tests.framework */ = {isa = PBXFileReference; explicitFileType = wrapper.framework; includeInIndex = 0; path = Pods_S_G_Wickramaratne_COBSCCOMP18P_014Tests.framework; sourceTree = BUILT_PRODUCTS_DIR; };
		4AA8CD27CC850026812A3D78 /* Pods-S.G.Wickramaratne-COBSCCOMP18P-014UITests.release.xcconfig */ = {isa = PBXFileReference; includeInIndex = 1; lastKnownFileType = text.xcconfig; name = "Pods-S.G.Wickramaratne-COBSCCOMP18P-014UITests.release.xcconfig"; path = "Target Support Files/Pods-S.G.Wickramaratne-COBSCCOMP18P-014UITests/Pods-S.G.Wickramaratne-COBSCCOMP18P-014UITests.release.xcconfig"; sourceTree = "<group>"; };
		9B3E5F175F3CE613D2F6DF3B /* Pods_S_G_Wickramaratne_COBSCCOMP18P_014UITests.framework */ = {isa = PBXFileReference; explicitFileType = wrapper.framework; includeInIndex = 0; path = Pods_S_G_Wickramaratne_COBSCCOMP18P_014UITests.framework; sourceTree = BUILT_PRODUCTS_DIR; };
		AC109ACF2385880A0033E5FE /* utils.swift */ = {isa = PBXFileReference; lastKnownFileType = sourcecode.swift; path = utils.swift; sourceTree = "<group>"; };
		AC89E227237D8EF0004C0AFD /* S.G.Wickramaratne-COBSCCOMP18P-014.app */ = {isa = PBXFileReference; explicitFileType = wrapper.application; includeInIndex = 0; path = "S.G.Wickramaratne-COBSCCOMP18P-014.app"; sourceTree = BUILT_PRODUCTS_DIR; };
		AC89E22A237D8EF0004C0AFD /* AppDelegate.swift */ = {isa = PBXFileReference; lastKnownFileType = sourcecode.swift; path = AppDelegate.swift; sourceTree = "<group>"; };
		AC89E22C237D8EF0004C0AFD /* ViewController.swift */ = {isa = PBXFileReference; lastKnownFileType = sourcecode.swift; path = ViewController.swift; sourceTree = "<group>"; };
		AC89E22F237D8EF0004C0AFD /* Base */ = {isa = PBXFileReference; lastKnownFileType = file.storyboard; name = Base; path = Base.lproj/Main.storyboard; sourceTree = "<group>"; };
		AC89E231237D8EF2004C0AFD /* Assets.xcassets */ = {isa = PBXFileReference; lastKnownFileType = folder.assetcatalog; path = Assets.xcassets; sourceTree = "<group>"; };
		AC89E234237D8EF2004C0AFD /* Base */ = {isa = PBXFileReference; lastKnownFileType = file.storyboard; name = Base; path = Base.lproj/LaunchScreen.storyboard; sourceTree = "<group>"; };
		AC89E236237D8EF2004C0AFD /* Info.plist */ = {isa = PBXFileReference; lastKnownFileType = text.plist.xml; path = Info.plist; sourceTree = "<group>"; };
		AC89E23B237D8EF2004C0AFD /* S.G.Wickramaratne-COBSCCOMP18P-014Tests.xctest */ = {isa = PBXFileReference; explicitFileType = wrapper.cfbundle; includeInIndex = 0; path = "S.G.Wickramaratne-COBSCCOMP18P-014Tests.xctest"; sourceTree = BUILT_PRODUCTS_DIR; };
		AC89E23F237D8EF2004C0AFD /* S_G_Wickramaratne_COBSCCOMP18P_014Tests.swift */ = {isa = PBXFileReference; lastKnownFileType = sourcecode.swift; path = S_G_Wickramaratne_COBSCCOMP18P_014Tests.swift; sourceTree = "<group>"; };
		AC89E241237D8EF2004C0AFD /* Info.plist */ = {isa = PBXFileReference; lastKnownFileType = text.plist.xml; path = Info.plist; sourceTree = "<group>"; };
		AC89E246237D8EF2004C0AFD /* S.G.Wickramaratne-COBSCCOMP18P-014UITests.xctest */ = {isa = PBXFileReference; explicitFileType = wrapper.cfbundle; includeInIndex = 0; path = "S.G.Wickramaratne-COBSCCOMP18P-014UITests.xctest"; sourceTree = BUILT_PRODUCTS_DIR; };
		AC89E24A237D8EF2004C0AFD /* S_G_Wickramaratne_COBSCCOMP18P_014UITests.swift */ = {isa = PBXFileReference; lastKnownFileType = sourcecode.swift; path = S_G_Wickramaratne_COBSCCOMP18P_014UITests.swift; sourceTree = "<group>"; };
		AC89E24C237D8EF2004C0AFD /* Info.plist */ = {isa = PBXFileReference; lastKnownFileType = text.plist.xml; path = Info.plist; sourceTree = "<group>"; };
		ACCE1840238433CB0091A2E4 /* SignUpViewController.swift */ = {isa = PBXFileReference; lastKnownFileType = sourcecode.swift; path = SignUpViewController.swift; sourceTree = "<group>"; };
		ACCE1842238434140091A2E4 /* SignInViewController.swift */ = {isa = PBXFileReference; lastKnownFileType = sourcecode.swift; path = SignInViewController.swift; sourceTree = "<group>"; };
		ACCE1844238434730091A2E4 /* HomeViewController.swift */ = {isa = PBXFileReference; lastKnownFileType = sourcecode.swift; path = HomeViewController.swift; sourceTree = "<group>"; };
		AD39849A682D5E2F0C612460 /* Pods-S.G.Wickramaratne-COBSCCOMP18P-014.debug.xcconfig */ = {isa = PBXFileReference; includeInIndex = 1; lastKnownFileType = text.xcconfig; name = "Pods-S.G.Wickramaratne-COBSCCOMP18P-014.debug.xcconfig"; path = "Target Support Files/Pods-S.G.Wickramaratne-COBSCCOMP18P-014/Pods-S.G.Wickramaratne-COBSCCOMP18P-014.debug.xcconfig"; sourceTree = "<group>"; };
		B34F4FB5F0AA2E0A34299209 /* Pods_S_G_Wickramaratne_COBSCCOMP18P_014.framework */ = {isa = PBXFileReference; explicitFileType = wrapper.framework; includeInIndex = 0; path = Pods_S_G_Wickramaratne_COBSCCOMP18P_014.framework; sourceTree = BUILT_PRODUCTS_DIR; };
		EB81D34485C434476BACD63F /* Pods-S.G.Wickramaratne-COBSCCOMP18P-014.release.xcconfig */ = {isa = PBXFileReference; includeInIndex = 1; lastKnownFileType = text.xcconfig; name = "Pods-S.G.Wickramaratne-COBSCCOMP18P-014.release.xcconfig"; path = "Target Support Files/Pods-S.G.Wickramaratne-COBSCCOMP18P-014/Pods-S.G.Wickramaratne-COBSCCOMP18P-014.release.xcconfig"; sourceTree = "<group>"; };
/* End PBXFileReference section */

/* Begin PBXFrameworksBuildPhase section */
		AC89E224237D8EF0004C0AFD /* Frameworks */ = {
			isa = PBXFrameworksBuildPhase;
			buildActionMask = 2147483647;
			files = (
				D75F7DB56F68F86E95591E1C /* Pods_S_G_Wickramaratne_COBSCCOMP18P_014.framework in Frameworks */,
			);
			runOnlyForDeploymentPostprocessing = 0;
		};
		AC89E238237D8EF2004C0AFD /* Frameworks */ = {
			isa = PBXFrameworksBuildPhase;
			buildActionMask = 2147483647;
			files = (
				1BECC0D69DCC8B99ADCED816 /* Pods_S_G_Wickramaratne_COBSCCOMP18P_014Tests.framework in Frameworks */,
			);
			runOnlyForDeploymentPostprocessing = 0;
		};
		AC89E243237D8EF2004C0AFD /* Frameworks */ = {
			isa = PBXFrameworksBuildPhase;
			buildActionMask = 2147483647;
			files = (
				0F830F53BCCBE97875633885 /* Pods_S_G_Wickramaratne_COBSCCOMP18P_014UITests.framework in Frameworks */,
			);
			runOnlyForDeploymentPostprocessing = 0;
		};
/* End PBXFrameworksBuildPhase section */

/* Begin PBXGroup section */
		6D28AD4047BF8F9C98DA04BD /* Frameworks */ = {
			isa = PBXGroup;
			children = (
				B34F4FB5F0AA2E0A34299209 /* Pods_S_G_Wickramaratne_COBSCCOMP18P_014.framework */,
				3FEEA308EC7B015CDDC79C90 /* Pods_S_G_Wickramaratne_COBSCCOMP18P_014Tests.framework */,
				9B3E5F175F3CE613D2F6DF3B /* Pods_S_G_Wickramaratne_COBSCCOMP18P_014UITests.framework */,
			);
			name = Frameworks;
			sourceTree = "<group>";
		};
		AC89E21E237D8EF0004C0AFD = {
			isa = PBXGroup;
			children = (
				AC89E229237D8EF0004C0AFD /* S.G.Wickramaratne-COBSCCOMP18P-014 */,
				AC89E23E237D8EF2004C0AFD /* S.G.Wickramaratne-COBSCCOMP18P-014Tests */,
				AC89E249237D8EF2004C0AFD /* S.G.Wickramaratne-COBSCCOMP18P-014UITests */,
				AC89E228237D8EF0004C0AFD /* Products */,
				BBAFBD0DE990CC83354E5F66 /* Pods */,
				6D28AD4047BF8F9C98DA04BD /* Frameworks */,
			);
			sourceTree = "<group>";
		};
		AC89E228237D8EF0004C0AFD /* Products */ = {
			isa = PBXGroup;
			children = (
				AC89E227237D8EF0004C0AFD /* S.G.Wickramaratne-COBSCCOMP18P-014.app */,
				AC89E23B237D8EF2004C0AFD /* S.G.Wickramaratne-COBSCCOMP18P-014Tests.xctest */,
				AC89E246237D8EF2004C0AFD /* S.G.Wickramaratne-COBSCCOMP18P-014UITests.xctest */,
			);
			name = Products;
			sourceTree = "<group>";
		};
		AC89E229237D8EF0004C0AFD /* S.G.Wickramaratne-COBSCCOMP18P-014 */ = {
			isa = PBXGroup;
			children = (
				AC89E22A237D8EF0004C0AFD /* AppDelegate.swift */,
				AC89E22C237D8EF0004C0AFD /* ViewController.swift */,
				AC89E231237D8EF2004C0AFD /* Assets.xcassets */,
				AC89E22E237D8EF0004C0AFD /* Main.storyboard */,
				AC89E233237D8EF2004C0AFD /* LaunchScreen.storyboard */,
				AC89E236237D8EF2004C0AFD /* Info.plist */,
				ACCE1840238433CB0091A2E4 /* SignUpViewController.swift */,
				ACCE1842238434140091A2E4 /* SignInViewController.swift */,
				ACCE1844238434730091A2E4 /* HomeViewController.swift */,
				AC109ACF2385880A0033E5FE /* utils.swift */,
			);
			path = "S.G.Wickramaratne-COBSCCOMP18P-014";
			sourceTree = "<group>";
		};
		AC89E23E237D8EF2004C0AFD /* S.G.Wickramaratne-COBSCCOMP18P-014Tests */ = {
			isa = PBXGroup;
			children = (
				AC89E23F237D8EF2004C0AFD /* S_G_Wickramaratne_COBSCCOMP18P_014Tests.swift */,
				AC89E241237D8EF2004C0AFD /* Info.plist */,
			);
			path = "S.G.Wickramaratne-COBSCCOMP18P-014Tests";
			sourceTree = "<group>";
		};
		AC89E249237D8EF2004C0AFD /* S.G.Wickramaratne-COBSCCOMP18P-014UITests */ = {
			isa = PBXGroup;
			children = (
				AC89E24A237D8EF2004C0AFD /* S_G_Wickramaratne_COBSCCOMP18P_014UITests.swift */,
				AC89E24C237D8EF2004C0AFD /* Info.plist */,
			);
			path = "S.G.Wickramaratne-COBSCCOMP18P-014UITests";
			sourceTree = "<group>";
		};
		BBAFBD0DE990CC83354E5F66 /* Pods */ = {
			isa = PBXGroup;
			children = (
				AD39849A682D5E2F0C612460 /* Pods-S.G.Wickramaratne-COBSCCOMP18P-014.debug.xcconfig */,
				EB81D34485C434476BACD63F /* Pods-S.G.Wickramaratne-COBSCCOMP18P-014.release.xcconfig */,
				1B63B2A5FC0EC94044357861 /* Pods-S.G.Wickramaratne-COBSCCOMP18P-014Tests.debug.xcconfig */,
				3A1957CC4D92DB63E3E5744D /* Pods-S.G.Wickramaratne-COBSCCOMP18P-014Tests.release.xcconfig */,
				233D34F9E2979059B53BE86F /* Pods-S.G.Wickramaratne-COBSCCOMP18P-014UITests.debug.xcconfig */,
				4AA8CD27CC850026812A3D78 /* Pods-S.G.Wickramaratne-COBSCCOMP18P-014UITests.release.xcconfig */,
			);
			path = Pods;
			sourceTree = "<group>";
		};
/* End PBXGroup section */

/* Begin PBXNativeTarget section */
		AC89E226237D8EF0004C0AFD /* S.G.Wickramaratne-COBSCCOMP18P-014 */ = {
			isa = PBXNativeTarget;
			buildConfigurationList = AC89E24F237D8EF2004C0AFD /* Build configuration list for PBXNativeTarget "S.G.Wickramaratne-COBSCCOMP18P-014" */;
			buildPhases = (
				6889C51CDA0B3F5620AF9270 /* [CP] Check Pods Manifest.lock */,
				AC89E223237D8EF0004C0AFD /* Sources */,
				AC89E224237D8EF0004C0AFD /* Frameworks */,
				AC89E225237D8EF0004C0AFD /* Resources */,
				59E9559D7ADE3B34C59FF26F /* [CP] Embed Pods Frameworks */,
			);
			buildRules = (
			);
			dependencies = (
			);
			name = "S.G.Wickramaratne-COBSCCOMP18P-014";
			productName = "S.G.Wickramaratne-COBSCCOMP18P-014";
			productReference = AC89E227237D8EF0004C0AFD /* S.G.Wickramaratne-COBSCCOMP18P-014.app */;
			productType = "com.apple.product-type.application";
		};
		AC89E23A237D8EF2004C0AFD /* S.G.Wickramaratne-COBSCCOMP18P-014Tests */ = {
			isa = PBXNativeTarget;
			buildConfigurationList = AC89E252237D8EF2004C0AFD /* Build configuration list for PBXNativeTarget "S.G.Wickramaratne-COBSCCOMP18P-014Tests" */;
			buildPhases = (
				A143906952574FC79CB14D9E /* [CP] Check Pods Manifest.lock */,
				AC89E237237D8EF2004C0AFD /* Sources */,
				AC89E238237D8EF2004C0AFD /* Frameworks */,
				AC89E239237D8EF2004C0AFD /* Resources */,
			);
			buildRules = (
			);
			dependencies = (
				AC89E23D237D8EF2004C0AFD /* PBXTargetDependency */,
			);
			name = "S.G.Wickramaratne-COBSCCOMP18P-014Tests";
			productName = "S.G.Wickramaratne-COBSCCOMP18P-014Tests";
			productReference = AC89E23B237D8EF2004C0AFD /* S.G.Wickramaratne-COBSCCOMP18P-014Tests.xctest */;
			productType = "com.apple.product-type.bundle.unit-test";
		};
		AC89E245237D8EF2004C0AFD /* S.G.Wickramaratne-COBSCCOMP18P-014UITests */ = {
			isa = PBXNativeTarget;
			buildConfigurationList = AC89E255237D8EF2004C0AFD /* Build configuration list for PBXNativeTarget "S.G.Wickramaratne-COBSCCOMP18P-014UITests" */;
			buildPhases = (
				36C4B3C4D2FA7872B02851A9 /* [CP] Check Pods Manifest.lock */,
				AC89E242237D8EF2004C0AFD /* Sources */,
				AC89E243237D8EF2004C0AFD /* Frameworks */,
				AC89E244237D8EF2004C0AFD /* Resources */,
			);
			buildRules = (
			);
			dependencies = (
				AC89E248237D8EF2004C0AFD /* PBXTargetDependency */,
			);
			name = "S.G.Wickramaratne-COBSCCOMP18P-014UITests";
			productName = "S.G.Wickramaratne-COBSCCOMP18P-014UITests";
			productReference = AC89E246237D8EF2004C0AFD /* S.G.Wickramaratne-COBSCCOMP18P-014UITests.xctest */;
			productType = "com.apple.product-type.bundle.ui-testing";
		};
/* End PBXNativeTarget section */

/* Begin PBXProject section */
		AC89E21F237D8EF0004C0AFD /* Project object */ = {
			isa = PBXProject;
			attributes = {
				LastSwiftUpdateCheck = 1010;
				LastUpgradeCheck = 1010;
				ORGANIZATIONNAME = Shaveen;
				TargetAttributes = {
					AC89E226237D8EF0004C0AFD = {
						CreatedOnToolsVersion = 10.1;
					};
					AC89E23A237D8EF2004C0AFD = {
						CreatedOnToolsVersion = 10.1;
						TestTargetID = AC89E226237D8EF0004C0AFD;
					};
					AC89E245237D8EF2004C0AFD = {
						CreatedOnToolsVersion = 10.1;
						TestTargetID = AC89E226237D8EF0004C0AFD;
					};
				};
			};
			buildConfigurationList = AC89E222237D8EF0004C0AFD /* Build configuration list for PBXProject "S.G.Wickramaratne-COBSCCOMP18P-014" */;
			compatibilityVersion = "Xcode 9.3";
			developmentRegion = en;
			hasScannedForEncodings = 0;
			knownRegions = (
				en,
				Base,
			);
			mainGroup = AC89E21E237D8EF0004C0AFD;
			productRefGroup = AC89E228237D8EF0004C0AFD /* Products */;
			projectDirPath = "";
			projectRoot = "";
			targets = (
				AC89E226237D8EF0004C0AFD /* S.G.Wickramaratne-COBSCCOMP18P-014 */,
				AC89E23A237D8EF2004C0AFD /* S.G.Wickramaratne-COBSCCOMP18P-014Tests */,
				AC89E245237D8EF2004C0AFD /* S.G.Wickramaratne-COBSCCOMP18P-014UITests */,
			);
		};
/* End PBXProject section */

/* Begin PBXResourcesBuildPhase section */
		AC89E225237D8EF0004C0AFD /* Resources */ = {
			isa = PBXResourcesBuildPhase;
			buildActionMask = 2147483647;
			files = (
				AC89E235237D8EF2004C0AFD /* LaunchScreen.storyboard in Resources */,
				AC89E232237D8EF2004C0AFD /* Assets.xcassets in Resources */,
				AC89E230237D8EF0004C0AFD /* Main.storyboard in Resources */,
			);
			runOnlyForDeploymentPostprocessing = 0;
		};
		AC89E239237D8EF2004C0AFD /* Resources */ = {
			isa = PBXResourcesBuildPhase;
			buildActionMask = 2147483647;
			files = (
			);
			runOnlyForDeploymentPostprocessing = 0;
		};
		AC89E244237D8EF2004C0AFD /* Resources */ = {
			isa = PBXResourcesBuildPhase;
			buildActionMask = 2147483647;
			files = (
			);
			runOnlyForDeploymentPostprocessing = 0;
		};
/* End PBXResourcesBuildPhase section */

/* Begin PBXShellScriptBuildPhase section */
		36C4B3C4D2FA7872B02851A9 /* [CP] Check Pods Manifest.lock */ = {
			isa = PBXShellScriptBuildPhase;
			buildActionMask = 2147483647;
			files = (
			);
			inputFileListPaths = (
			);
			inputPaths = (
				"${PODS_PODFILE_DIR_PATH}/Podfile.lock",
				"${PODS_ROOT}/Manifest.lock",
			);
			name = "[CP] Check Pods Manifest.lock";
			outputFileListPaths = (
			);
			outputPaths = (
				"$(DERIVED_FILE_DIR)/Pods-S.G.Wickramaratne-COBSCCOMP18P-014UITests-checkManifestLockResult.txt",
			);
			runOnlyForDeploymentPostprocessing = 0;
			shellPath = /bin/sh;
			shellScript = "diff \"${PODS_PODFILE_DIR_PATH}/Podfile.lock\" \"${PODS_ROOT}/Manifest.lock\" > /dev/null\nif [ $? != 0 ] ; then\n    # print error to STDERR\n    echo \"error: The sandbox is not in sync with the Podfile.lock. Run 'pod install' or update your CocoaPods installation.\" >&2\n    exit 1\nfi\n# This output is used by Xcode 'outputs' to avoid re-running this script phase.\necho \"SUCCESS\" > \"${SCRIPT_OUTPUT_FILE_0}\"\n";
			showEnvVarsInLog = 0;
		};
		59E9559D7ADE3B34C59FF26F /* [CP] Embed Pods Frameworks */ = {
			isa = PBXShellScriptBuildPhase;
			buildActionMask = 2147483647;
			files = (
			);
			inputFileListPaths = (
				"${PODS_ROOT}/Target Support Files/Pods-S.G.Wickramaratne-COBSCCOMP18P-014/Pods-S.G.Wickramaratne-COBSCCOMP18P-014-frameworks-${CONFIGURATION}-input-files.xcfilelist",
			);
			name = "[CP] Embed Pods Frameworks";
			outputFileListPaths = (
				"${PODS_ROOT}/Target Support Files/Pods-S.G.Wickramaratne-COBSCCOMP18P-014/Pods-S.G.Wickramaratne-COBSCCOMP18P-014-frameworks-${CONFIGURATION}-output-files.xcfilelist",
			);
			runOnlyForDeploymentPostprocessing = 0;
			shellPath = /bin/sh;
			shellScript = "\"${PODS_ROOT}/Target Support Files/Pods-S.G.Wickramaratne-COBSCCOMP18P-014/Pods-S.G.Wickramaratne-COBSCCOMP18P-014-frameworks.sh\"\n";
			showEnvVarsInLog = 0;
		};
		6889C51CDA0B3F5620AF9270 /* [CP] Check Pods Manifest.lock */ = {
			isa = PBXShellScriptBuildPhase;
			buildActionMask = 2147483647;
			files = (
			);
			inputFileListPaths = (
			);
			inputPaths = (
				"${PODS_PODFILE_DIR_PATH}/Podfile.lock",
				"${PODS_ROOT}/Manifest.lock",
			);
			name = "[CP] Check Pods Manifest.lock";
			outputFileListPaths = (
			);
			outputPaths = (
				"$(DERIVED_FILE_DIR)/Pods-S.G.Wickramaratne-COBSCCOMP18P-014-checkManifestLockResult.txt",
			);
			runOnlyForDeploymentPostprocessing = 0;
			shellPath = /bin/sh;
			shellScript = "diff \"${PODS_PODFILE_DIR_PATH}/Podfile.lock\" \"${PODS_ROOT}/Manifest.lock\" > /dev/null\nif [ $? != 0 ] ; then\n    # print error to STDERR\n    echo \"error: The sandbox is not in sync with the Podfile.lock. Run 'pod install' or update your CocoaPods installation.\" >&2\n    exit 1\nfi\n# This output is used by Xcode 'outputs' to avoid re-running this script phase.\necho \"SUCCESS\" > \"${SCRIPT_OUTPUT_FILE_0}\"\n";
			showEnvVarsInLog = 0;
		};
		A143906952574FC79CB14D9E /* [CP] Check Pods Manifest.lock */ = {
			isa = PBXShellScriptBuildPhase;
			buildActionMask = 2147483647;
			files = (
			);
			inputFileListPaths = (
			);
			inputPaths = (
				"${PODS_PODFILE_DIR_PATH}/Podfile.lock",
				"${PODS_ROOT}/Manifest.lock",
			);
			name = "[CP] Check Pods Manifest.lock";
			outputFileListPaths = (
			);
			outputPaths = (
				"$(DERIVED_FILE_DIR)/Pods-S.G.Wickramaratne-COBSCCOMP18P-014Tests-checkManifestLockResult.txt",
			);
			runOnlyForDeploymentPostprocessing = 0;
			shellPath = /bin/sh;
			shellScript = "diff \"${PODS_PODFILE_DIR_PATH}/Podfile.lock\" \"${PODS_ROOT}/Manifest.lock\" > /dev/null\nif [ $? != 0 ] ; then\n    # print error to STDERR\n    echo \"error: The sandbox is not in sync with the Podfile.lock. Run 'pod install' or update your CocoaPods installation.\" >&2\n    exit 1\nfi\n# This output is used by Xcode 'outputs' to avoid re-running this script phase.\necho \"SUCCESS\" > \"${SCRIPT_OUTPUT_FILE_0}\"\n";
			showEnvVarsInLog = 0;
		};
/* End PBXShellScriptBuildPhase section */

/* Begin PBXSourcesBuildPhase section */
		AC89E223237D8EF0004C0AFD /* Sources */ = {
			isa = PBXSourcesBuildPhase;
			buildActionMask = 2147483647;
			files = (
				ACCE1845238434730091A2E4 /* HomeViewController.swift in Sources */,
				ACCE1843238434140091A2E4 /* SignInViewController.swift in Sources */,
				ACCE1841238433CB0091A2E4 /* SignUpViewController.swift in Sources */,
				AC109AD02385880A0033E5FE /* utils.swift in Sources */,
				AC89E22D237D8EF0004C0AFD /* ViewController.swift in Sources */,
				AC89E22B237D8EF0004C0AFD /* AppDelegate.swift in Sources */,
			);
			runOnlyForDeploymentPostprocessing = 0;
		};
		AC89E237237D8EF2004C0AFD /* Sources */ = {
			isa = PBXSourcesBuildPhase;
			buildActionMask = 2147483647;
			files = (
				AC89E240237D8EF2004C0AFD /* S_G_Wickramaratne_COBSCCOMP18P_014Tests.swift in Sources */,
			);
			runOnlyForDeploymentPostprocessing = 0;
		};
		AC89E242237D8EF2004C0AFD /* Sources */ = {
			isa = PBXSourcesBuildPhase;
			buildActionMask = 2147483647;
			files = (
				AC89E24B237D8EF2004C0AFD /* S_G_Wickramaratne_COBSCCOMP18P_014UITests.swift in Sources */,
			);
			runOnlyForDeploymentPostprocessing = 0;
		};
/* End PBXSourcesBuildPhase section */

/* Begin PBXTargetDependency section */
		AC89E23D237D8EF2004C0AFD /* PBXTargetDependency */ = {
			isa = PBXTargetDependency;
			target = AC89E226237D8EF0004C0AFD /* S.G.Wickramaratne-COBSCCOMP18P-014 */;
			targetProxy = AC89E23C237D8EF2004C0AFD /* PBXContainerItemProxy */;
		};
		AC89E248237D8EF2004C0AFD /* PBXTargetDependency */ = {
			isa = PBXTargetDependency;
			target = AC89E226237D8EF0004C0AFD /* S.G.Wickramaratne-COBSCCOMP18P-014 */;
			targetProxy = AC89E247237D8EF2004C0AFD /* PBXContainerItemProxy */;
		};
/* End PBXTargetDependency section */

/* Begin PBXVariantGroup section */
		AC89E22E237D8EF0004C0AFD /* Main.storyboard */ = {
			isa = PBXVariantGroup;
			children = (
				AC89E22F237D8EF0004C0AFD /* Base */,
			);
			name = Main.storyboard;
			sourceTree = "<group>";
		};
		AC89E233237D8EF2004C0AFD /* LaunchScreen.storyboard */ = {
			isa = PBXVariantGroup;
			children = (
				AC89E234237D8EF2004C0AFD /* Base */,
			);
			name = LaunchScreen.storyboard;
			sourceTree = "<group>";
		};
/* End PBXVariantGroup section */

/* Begin XCBuildConfiguration section */
		AC89E24D237D8EF2004C0AFD /* Debug */ = {
			isa = XCBuildConfiguration;
			buildSettings = {
				ALWAYS_SEARCH_USER_PATHS = NO;
				CLANG_ANALYZER_NONNULL = YES;
				CLANG_ANALYZER_NUMBER_OBJECT_CONVERSION = YES_AGGRESSIVE;
				CLANG_CXX_LANGUAGE_STANDARD = "gnu++14";
				CLANG_CXX_LIBRARY = "libc++";
				CLANG_ENABLE_MODULES = YES;
				CLANG_ENABLE_OBJC_ARC = YES;
				CLANG_ENABLE_OBJC_WEAK = YES;
				CLANG_WARN_BLOCK_CAPTURE_AUTORELEASING = YES;
				CLANG_WARN_BOOL_CONVERSION = YES;
				CLANG_WARN_COMMA = YES;
				CLANG_WARN_CONSTANT_CONVERSION = YES;
				CLANG_WARN_DEPRECATED_OBJC_IMPLEMENTATIONS = YES;
				CLANG_WARN_DIRECT_OBJC_ISA_USAGE = YES_ERROR;
				CLANG_WARN_DOCUMENTATION_COMMENTS = YES;
				CLANG_WARN_EMPTY_BODY = YES;
				CLANG_WARN_ENUM_CONVERSION = YES;
				CLANG_WARN_INFINITE_RECURSION = YES;
				CLANG_WARN_INT_CONVERSION = YES;
				CLANG_WARN_NON_LITERAL_NULL_CONVERSION = YES;
				CLANG_WARN_OBJC_IMPLICIT_RETAIN_SELF = YES;
				CLANG_WARN_OBJC_LITERAL_CONVERSION = YES;
				CLANG_WARN_OBJC_ROOT_CLASS = YES_ERROR;
				CLANG_WARN_RANGE_LOOP_ANALYSIS = YES;
				CLANG_WARN_STRICT_PROTOTYPES = YES;
				CLANG_WARN_SUSPICIOUS_MOVE = YES;
				CLANG_WARN_UNGUARDED_AVAILABILITY = YES_AGGRESSIVE;
				CLANG_WARN_UNREACHABLE_CODE = YES;
				CLANG_WARN__DUPLICATE_METHOD_MATCH = YES;
				CODE_SIGN_IDENTITY = "iPhone Developer";
				COPY_PHASE_STRIP = NO;
				DEBUG_INFORMATION_FORMAT = dwarf;
				ENABLE_STRICT_OBJC_MSGSEND = YES;
				ENABLE_TESTABILITY = YES;
				GCC_C_LANGUAGE_STANDARD = gnu11;
				GCC_DYNAMIC_NO_PIC = NO;
				GCC_NO_COMMON_BLOCKS = YES;
				GCC_OPTIMIZATION_LEVEL = 0;
				GCC_PREPROCESSOR_DEFINITIONS = (
					"DEBUG=1",
					"$(inherited)",
				);
				GCC_WARN_64_TO_32_BIT_CONVERSION = YES;
				GCC_WARN_ABOUT_RETURN_TYPE = YES_ERROR;
				GCC_WARN_UNDECLARED_SELECTOR = YES;
				GCC_WARN_UNINITIALIZED_AUTOS = YES_AGGRESSIVE;
				GCC_WARN_UNUSED_FUNCTION = YES;
				GCC_WARN_UNUSED_VARIABLE = YES;
				IPHONEOS_DEPLOYMENT_TARGET = 12.1;
				MTL_ENABLE_DEBUG_INFO = INCLUDE_SOURCE;
				MTL_FAST_MATH = YES;
				ONLY_ACTIVE_ARCH = YES;
				SDKROOT = iphoneos;
				SWIFT_ACTIVE_COMPILATION_CONDITIONS = DEBUG;
				SWIFT_OPTIMIZATION_LEVEL = "-Onone";
			};
			name = Debug;
		};
		AC89E24E237D8EF2004C0AFD /* Release */ = {
			isa = XCBuildConfiguration;
			buildSettings = {
				ALWAYS_SEARCH_USER_PATHS = NO;
				CLANG_ANALYZER_NONNULL = YES;
				CLANG_ANALYZER_NUMBER_OBJECT_CONVERSION = YES_AGGRESSIVE;
				CLANG_CXX_LANGUAGE_STANDARD = "gnu++14";
				CLANG_CXX_LIBRARY = "libc++";
				CLANG_ENABLE_MODULES = YES;
				CLANG_ENABLE_OBJC_ARC = YES;
				CLANG_ENABLE_OBJC_WEAK = YES;
				CLANG_WARN_BLOCK_CAPTURE_AUTORELEASING = YES;
				CLANG_WARN_BOOL_CONVERSION = YES;
				CLANG_WARN_COMMA = YES;
				CLANG_WARN_CONSTANT_CONVERSION = YES;
				CLANG_WARN_DEPRECATED_OBJC_IMPLEMENTATIONS = YES;
				CLANG_WARN_DIRECT_OBJC_ISA_USAGE = YES_ERROR;
				CLANG_WARN_DOCUMENTATION_COMMENTS = YES;
				CLANG_WARN_EMPTY_BODY = YES;
				CLANG_WARN_ENUM_CONVERSION = YES;
				CLANG_WARN_INFINITE_RECURSION = YES;
				CLANG_WARN_INT_CONVERSION = YES;
				CLANG_WARN_NON_LITERAL_NULL_CONVERSION = YES;
				CLANG_WARN_OBJC_IMPLICIT_RETAIN_SELF = YES;
				CLANG_WARN_OBJC_LITERAL_CONVERSION = YES;
				CLANG_WARN_OBJC_ROOT_CLASS = YES_ERROR;
				CLANG_WARN_RANGE_LOOP_ANALYSIS = YES;
				CLANG_WARN_STRICT_PROTOTYPES = YES;
				CLANG_WARN_SUSPICIOUS_MOVE = YES;
				CLANG_WARN_UNGUARDED_AVAILABILITY = YES_AGGRESSIVE;
				CLANG_WARN_UNREACHABLE_CODE = YES;
				CLANG_WARN__DUPLICATE_METHOD_MATCH = YES;
				CODE_SIGN_IDENTITY = "iPhone Developer";
				COPY_PHASE_STRIP = NO;
				DEBUG_INFORMATION_FORMAT = "dwarf-with-dsym";
				ENABLE_NS_ASSERTIONS = NO;
				ENABLE_STRICT_OBJC_MSGSEND = YES;
				GCC_C_LANGUAGE_STANDARD = gnu11;
				GCC_NO_COMMON_BLOCKS = YES;
				GCC_WARN_64_TO_32_BIT_CONVERSION = YES;
				GCC_WARN_ABOUT_RETURN_TYPE = YES_ERROR;
				GCC_WARN_UNDECLARED_SELECTOR = YES;
				GCC_WARN_UNINITIALIZED_AUTOS = YES_AGGRESSIVE;
				GCC_WARN_UNUSED_FUNCTION = YES;
				GCC_WARN_UNUSED_VARIABLE = YES;
				IPHONEOS_DEPLOYMENT_TARGET = 12.1;
				MTL_ENABLE_DEBUG_INFO = NO;
				MTL_FAST_MATH = YES;
				SDKROOT = iphoneos;
				SWIFT_COMPILATION_MODE = wholemodule;
				SWIFT_OPTIMIZATION_LEVEL = "-O";
				VALIDATE_PRODUCT = YES;
			};
			name = Release;
		};
		AC89E250237D8EF2004C0AFD /* Debug */ = {
			isa = XCBuildConfiguration;
			baseConfigurationReference = AD39849A682D5E2F0C612460 /* Pods-S.G.Wickramaratne-COBSCCOMP18P-014.debug.xcconfig */;
			buildSettings = {
				ASSETCATALOG_COMPILER_APPICON_NAME = AppIcon;
				CODE_SIGN_STYLE = Automatic;
				INFOPLIST_FILE = "S.G.Wickramaratne-COBSCCOMP18P-014/Info.plist";
				LD_RUNPATH_SEARCH_PATHS = (
					"$(inherited)",
					"@executable_path/Frameworks",
				);
				PRODUCT_BUNDLE_IDENTIFIER = "com.shaveen.app.S-G-Wickramaratne-COBSCCOMP18P-014";
				PRODUCT_NAME = "$(TARGET_NAME)";
				SWIFT_VERSION = 4.2;
				TARGETED_DEVICE_FAMILY = "1,2";
			};
			name = Debug;
		};
		AC89E251237D8EF2004C0AFD /* Release */ = {
			isa = XCBuildConfiguration;
			baseConfigurationReference = EB81D34485C434476BACD63F /* Pods-S.G.Wickramaratne-COBSCCOMP18P-014.release.xcconfig */;
			buildSettings = {
				ASSETCATALOG_COMPILER_APPICON_NAME = AppIcon;
				CODE_SIGN_STYLE = Automatic;
				INFOPLIST_FILE = "S.G.Wickramaratne-COBSCCOMP18P-014/Info.plist";
				LD_RUNPATH_SEARCH_PATHS = (
					"$(inherited)",
					"@executable_path/Frameworks",
				);
				PRODUCT_BUNDLE_IDENTIFIER = "com.shaveen.app.S-G-Wickramaratne-COBSCCOMP18P-014";
				PRODUCT_NAME = "$(TARGET_NAME)";
				SWIFT_VERSION = 4.2;
				TARGETED_DEVICE_FAMILY = "1,2";
			};
			name = Release;
		};
		AC89E253237D8EF2004C0AFD /* Debug */ = {
			isa = XCBuildConfiguration;
			baseConfigurationReference = 1B63B2A5FC0EC94044357861 /* Pods-S.G.Wickramaratne-COBSCCOMP18P-014Tests.debug.xcconfig */;
			buildSettings = {
				ALWAYS_EMBED_SWIFT_STANDARD_LIBRARIES = YES;
				BUNDLE_LOADER = "$(TEST_HOST)";
				CODE_SIGN_STYLE = Automatic;
				INFOPLIST_FILE = "S.G.Wickramaratne-COBSCCOMP18P-014Tests/Info.plist";
				LD_RUNPATH_SEARCH_PATHS = (
					"$(inherited)",
					"@executable_path/Frameworks",
					"@loader_path/Frameworks",
				);
				PRODUCT_BUNDLE_IDENTIFIER = "com.shaveen.app.S-G-Wickramaratne-COBSCCOMP18P-014Tests";
				PRODUCT_NAME = "$(TARGET_NAME)";
				SWIFT_VERSION = 4.2;
				TARGETED_DEVICE_FAMILY = "1,2";
				TEST_HOST = "$(BUILT_PRODUCTS_DIR)/S.G.Wickramaratne-COBSCCOMP18P-014.app/S.G.Wickramaratne-COBSCCOMP18P-014";
			};
			name = Debug;
		};
		AC89E254237D8EF2004C0AFD /* Release */ = {
			isa = XCBuildConfiguration;
			baseConfigurationReference = 3A1957CC4D92DB63E3E5744D /* Pods-S.G.Wickramaratne-COBSCCOMP18P-014Tests.release.xcconfig */;
			buildSettings = {
				ALWAYS_EMBED_SWIFT_STANDARD_LIBRARIES = YES;
				BUNDLE_LOADER = "$(TEST_HOST)";
				CODE_SIGN_STYLE = Automatic;
				INFOPLIST_FILE = "S.G.Wickramaratne-COBSCCOMP18P-014Tests/Info.plist";
				LD_RUNPATH_SEARCH_PATHS = (
					"$(inherited)",
					"@executable_path/Frameworks",
					"@loader_path/Frameworks",
				);
				PRODUCT_BUNDLE_IDENTIFIER = "com.shaveen.app.S-G-Wickramaratne-COBSCCOMP18P-014Tests";
				PRODUCT_NAME = "$(TARGET_NAME)";
				SWIFT_VERSION = 4.2;
				TARGETED_DEVICE_FAMILY = "1,2";
				TEST_HOST = "$(BUILT_PRODUCTS_DIR)/S.G.Wickramaratne-COBSCCOMP18P-014.app/S.G.Wickramaratne-COBSCCOMP18P-014";
			};
			name = Release;
		};
		AC89E256237D8EF2004C0AFD /* Debug */ = {
			isa = XCBuildConfiguration;
			baseConfigurationReference = 233D34F9E2979059B53BE86F /* Pods-S.G.Wickramaratne-COBSCCOMP18P-014UITests.debug.xcconfig */;
			buildSettings = {
				ALWAYS_EMBED_SWIFT_STANDARD_LIBRARIES = YES;
				CODE_SIGN_STYLE = Automatic;
				INFOPLIST_FILE = "S.G.Wickramaratne-COBSCCOMP18P-014UITests/Info.plist";
				LD_RUNPATH_SEARCH_PATHS = (
					"$(inherited)",
					"@executable_path/Frameworks",
					"@loader_path/Frameworks",
				);
				PRODUCT_BUNDLE_IDENTIFIER = "com.shaveen.app.S-G-Wickramaratne-COBSCCOMP18P-014UITests";
				PRODUCT_NAME = "$(TARGET_NAME)";
				SWIFT_VERSION = 4.2;
				TARGETED_DEVICE_FAMILY = "1,2";
				TEST_TARGET_NAME = "S.G.Wickramaratne-COBSCCOMP18P-014";
			};
			name = Debug;
		};
		AC89E257237D8EF2004C0AFD /* Release */ = {
			isa = XCBuildConfiguration;
			baseConfigurationReference = 4AA8CD27CC850026812A3D78 /* Pods-S.G.Wickramaratne-COBSCCOMP18P-014UITests.release.xcconfig */;
			buildSettings = {
				ALWAYS_EMBED_SWIFT_STANDARD_LIBRARIES = YES;
				CODE_SIGN_STYLE = Automatic;
				INFOPLIST_FILE = "S.G.Wickramaratne-COBSCCOMP18P-014UITests/Info.plist";
				LD_RUNPATH_SEARCH_PATHS = (
					"$(inherited)",
					"@executable_path/Frameworks",
					"@loader_path/Frameworks",
				);
				PRODUCT_BUNDLE_IDENTIFIER = "com.shaveen.app.S-G-Wickramaratne-COBSCCOMP18P-014UITests";
				PRODUCT_NAME = "$(TARGET_NAME)";
				SWIFT_VERSION = 4.2;
				TARGETED_DEVICE_FAMILY = "1,2";
				TEST_TARGET_NAME = "S.G.Wickramaratne-COBSCCOMP18P-014";
			};
			name = Release;
		};
/* End XCBuildConfiguration section */

/* Begin XCConfigurationList section */
		AC89E222237D8EF0004C0AFD /* Build configuration list for PBXProject "S.G.Wickramaratne-COBSCCOMP18P-014" */ = {
			isa = XCConfigurationList;
			buildConfigurations = (
				AC89E24D237D8EF2004C0AFD /* Debug */,
				AC89E24E237D8EF2004C0AFD /* Release */,
			);
			defaultConfigurationIsVisible = 0;
			defaultConfigurationName = Release;
		};
		AC89E24F237D8EF2004C0AFD /* Build configuration list for PBXNativeTarget "S.G.Wickramaratne-COBSCCOMP18P-014" */ = {
			isa = XCConfigurationList;
			buildConfigurations = (
				AC89E250237D8EF2004C0AFD /* Debug */,
				AC89E251237D8EF2004C0AFD /* Release */,
			);
			defaultConfigurationIsVisible = 0;
			defaultConfigurationName = Release;
		};
		AC89E252237D8EF2004C0AFD /* Build configuration list for PBXNativeTarget "S.G.Wickramaratne-COBSCCOMP18P-014Tests" */ = {
			isa = XCConfigurationList;
			buildConfigurations = (
				AC89E253237D8EF2004C0AFD /* Debug */,
				AC89E254237D8EF2004C0AFD /* Release */,
			);
			defaultConfigurationIsVisible = 0;
			defaultConfigurationName = Release;
		};
		AC89E255237D8EF2004C0AFD /* Build configuration list for PBXNativeTarget "S.G.Wickramaratne-COBSCCOMP18P-014UITests" */ = {
			isa = XCConfigurationList;
			buildConfigurations = (
				AC89E256237D8EF2004C0AFD /* Debug */,
				AC89E257237D8EF2004C0AFD /* Release */,
			);
			defaultConfigurationIsVisible = 0;
			defaultConfigurationName = Release;
		};
/* End XCConfigurationList section */
	};
	rootObject = AC89E21F237D8EF0004C0AFD /* Project object */;
}
